
Microsoft Visual Studio Solution File, Format Version 12.00
# Visual Studio Version 17
VisualStudioVersion = 17.1.31911.260
MinimumVisualStudioVersion = 10.0.40219.1
Project("{FAE04EC0-301F-11D3-BF4B-00C04F79EFBC}") = "System_Analysis", "System_Analysis\System_Analysis.csproj", "{EF9B7D6F-375E-4A0A-8A67-C596CE89EEA0}"
EndProject
Global
	GlobalSection(SolutionConfigurationPlatforms) = preSolution
		Debug|Any CPU = Debug|Any CPU
		Release|Any CPU = Release|Any CPU
	EndGlobalSection
	GlobalSection(ProjectConfigurationPlatforms) = postSolution
		{EF9B7D6F-375E-4A0A-8A67-C596CE89EEA0}.Debug|Any CPU.ActiveCfg = Debug|Any CPU
		{EF9B7D6F-375E-4A0A-8A67-C596CE89EEA0}.Debug|Any CPU.Build.0 = Debug|Any CPU
		{EF9B7D6F-375E-4A0A-8A67-C596CE89EEA0}.Release|Any CPU.ActiveCfg = Release|Any CPU
		{EF9B7D6F-375E-4A0A-8A67-C596CE89EEA0}.Release|Any CPU.Build.0 = Release|Any CPU
	EndGlobalSection
	GlobalSection(SolutionProperties) = preSolution
		HideSolutionNode = FALSE
	EndGlobalSection
	GlobalSection(ExtensibilityGlobals) = postSolution
		SolutionGuid = {DB83D818-858B-49B0-AB33-C734C6AB337D}
	EndGlobalSection
EndGlobal
